{
  "requires": true,
  "lockfileVersion": 1,
  "dependencies": {
    "amdefine": {
      "version": "1.0.1",
      "resolved": "https://registry.npmjs.org/amdefine/-/amdefine-1.0.1.tgz",
      "integrity": "sha1-SlKCrBZHKek2Gbz9OtFR+BfOkfU="
    },
    "async": {
      "version": "0.2.10",
      "resolved": "https://registry.npmjs.org/async/-/async-0.2.10.tgz",
      "integrity": "sha1-trvgsGdLnXGXCMo43owjfLUmw9E=",
      "optional": true
    },
    "balanced-match": {
      "version": "0.4.2",
      "resolved": "https://registry.npmjs.org/balanced-match/-/balanced-match-0.4.2.tgz",
      "integrity": "sha1-yz8+PHMtwPAe5wtAPzAuYddwmDg="
    },
    "css-modules-electron": {
      "version": "2.0.0",
      "resolved": "https://registry.npmjs.org/css-modules-electron/-/css-modules-electron-2.0.0.tgz",
      "integrity": "sha1-6w0gNjQ0uP8iPjfX4ALncjScm84=",
      "requires": {
        "css-modules-require-hook": "1.0.11",
        "postcss-url": "4.0.1"
      }
    },
    "css-modules-require-hook": {
      "version": "1.0.11",
      "resolved": "https://registry.npmjs.org/css-modules-require-hook/-/css-modules-require-hook-1.0.11.tgz",
      "integrity": "sha1-4+MtQGomNeFIvwNpUlniAkUbQa4=",
      "requires": {
        "debug": "2.6.9",
        "lodash.assign": "3.2.0",
        "lodash.identity": "3.0.0",
        "lodash.isarray": "3.0.4",
        "lodash.isfunction": "3.0.9",
        "lodash.isstring": "3.0.1",
        "lodash.pick": "3.1.0"
      }
    },
    "debug": {
      "version": "2.6.9",
      "resolved": "https://registry.npmjs.org/debug/-/debug-2.6.9.tgz",
      "integrity": "sha512-bC7ElrdJaJnPbAP+1EotYvqZsb3ecl5wi6Bfi6BJTUcNowp6cvspg0jXznRTKDjm/E7AdgFBVeAPVMNcKGsHMA==",
      "requires": {
        "ms": "2.0.0"
      }
    },
    "directory-encoder": {
      "version": "0.6.1",
      "resolved": "https://registry.npmjs.org/directory-encoder/-/directory-encoder-0.6.1.tgz",
      "integrity": "sha1-rBHFF5JTeWMA5snZX48NG89UGQ8=",
      "requires": {
        "fs-extra": "0.8.1",
        "handlebars": "1.1.2",
        "img-stats": "0.4.2",
        "lodash": "2.4.0"
      }
    },
    "es6-promise": {
      "version": "2.3.0",
      "resolved": "https://registry.npmjs.org/es6-promise/-/es6-promise-2.3.0.tgz",
      "integrity": "sha1-lu258v2wGZWCKyY92KratnSBgbw="
    },
    "fs-extra": {
      "version": "0.8.1",
      "resolved": "https://registry.npmjs.org/fs-extra/-/fs-extra-0.8.1.tgz",
      "integrity": "sha1-Dld5/7/t9RG8dVWVx/A8BtS0Po0=",
      "requires": {
        "jsonfile": "1.1.1",
        "mkdirp": "0.3.5",
        "ncp": "0.4.2",
        "rimraf": "2.2.8"
      },
      "dependencies": {
        "mkdirp": {
          "version": "0.3.5",
          "resolved": "https://registry.npmjs.org/mkdirp/-/mkdirp-0.3.5.tgz",
          "integrity": "sha1-3j5fiWHIjHh+4TaN+EmsRBPsqNc="
        }
      }
    },
    "handlebars": {
      "version": "1.1.2",
      "resolved": "https://registry.npmjs.org/handlebars/-/handlebars-1.1.2.tgz",
      "integrity": "sha1-U2DstaSH/OARResiXMrzsp2z9D4=",
      "requires": {
        "optimist": "0.3.7",
        "uglify-js": "2.3.6"
      }
    },
    "img-stats": {
      "version": "0.4.2",
      "resolved": "https://registry.npmjs.org/img-stats/-/img-stats-0.4.2.tgz",
      "integrity": "sha1-DhnOTlXllJGF4CPwV8KKtajjInc=",
      "requires": {
        "xmldom": "0.1.16"
      }
    },
    "js-base64": {
      "version": "2.4.5",
      "resolved": "https://registry.npmjs.org/js-base64/-/js-base64-2.4.5.tgz",
      "integrity": "sha512-aUnNwqMOXw3yvErjMPSQu6qIIzUmT1e5KcU1OZxRDU1g/am6mzBvcrmLAYwzmB59BHPrh5/tKaiF4OPhqRWESQ=="
    },
    "jsonfile": {
      "version": "1.1.1",
      "resolved": "https://registry.npmjs.org/jsonfile/-/jsonfile-1.1.1.tgz",
      "integrity": "sha1-2k/WrXfxolUgPqY8e8Mtwx72RDM="
    },
    "lodash": {
      "version": "2.4.0",
      "resolved": "https://registry.npmjs.org/lodash/-/lodash-2.4.0.tgz",
      "integrity": "sha1-VQdJgogzgba3E0t0KlkAu72rawk="
    },
    "lodash._baseassign": {
      "version": "3.2.0",
      "resolved": "https://registry.npmjs.org/lodash._baseassign/-/lodash._baseassign-3.2.0.tgz",
      "integrity": "sha1-jDigmVAPIVrQnlnxci/QxSv+Ck4=",
      "requires": {
        "lodash._basecopy": "3.0.1",
        "lodash.keys": "3.1.2"
      }
    },
    "lodash._basecopy": {
      "version": "3.0.1",
      "resolved": "https://registry.npmjs.org/lodash._basecopy/-/lodash._basecopy-3.0.1.tgz",
      "integrity": "sha1-jaDmqHbPNEwK2KVIghEd08XHyjY="
    },
    "lodash._baseflatten": {
      "version": "3.1.4",
      "resolved": "https://registry.npmjs.org/lodash._baseflatten/-/lodash._baseflatten-3.1.4.tgz",
      "integrity": "sha1-B3D/gBMa9uNPO1EXlqe6UhTmX/c=",
      "requires": {
        "lodash.isarguments": "3.1.0",
        "lodash.isarray": "3.0.4"
      }
    },
    "lodash._basefor": {
      "version": "3.0.3",
      "resolved": "https://registry.npmjs.org/lodash._basefor/-/lodash._basefor-3.0.3.tgz",
      "integrity": "sha1-dVC06SGO8J+tJDQ7YSAhx5tMIMI="
    },
    "lodash._bindcallback": {
      "version": "3.0.1",
      "resolved": "https://registry.npmjs.org/lodash._bindcallback/-/lodash._bindcallback-3.0.1.tgz",
      "integrity": "sha1-5THCdkTPi1epnhftlbNcdIeJOS4="
    },
    "lodash._createassigner": {
      "version": "3.1.1",
      "resolved": "https://registry.npmjs.org/lodash._createassigner/-/lodash._createassigner-3.1.1.tgz",
      "integrity": "sha1-g4pbri/aymOsIt7o4Z+k5taXCxE=",
      "requires": {
        "lodash._bindcallback": "3.0.1",
        "lodash._isiterateecall": "3.0.9",
        "lodash.restparam": "3.6.1"
      }
    },
    "lodash._getnative": {
      "version": "3.9.1",
      "resolved": "https://registry.npmjs.org/lodash._getnative/-/lodash._getnative-3.9.1.tgz",
      "integrity": "sha1-VwvH3t5G1hzc3mh9ZdPuy6o6r/U="
    },
    "lodash._isiterateecall": {
      "version": "3.0.9",
      "resolved": "https://registry.npmjs.org/lodash._isiterateecall/-/lodash._isiterateecall-3.0.9.tgz",
      "integrity": "sha1-UgOte6Ql+uhCRg5pbbnPPmqsBXw="
    },
    "lodash._pickbyarray": {
      "version": "3.0.2",
      "resolved": "https://registry.npmjs.org/lodash._pickbyarray/-/lodash._pickbyarray-3.0.2.tgz",
      "integrity": "sha1-H4mNlgfrVgsOFnOEt3x8bRCKpMU="
    },
    "lodash._pickbycallback": {
      "version": "3.0.0",
      "resolved": "https://registry.npmjs.org/lodash._pickbycallback/-/lodash._pickbycallback-3.0.0.tgz",
      "integrity": "sha1-/2G5oBens699MObFPeKK+hm4dQo=",
      "requires": {
        "lodash._basefor": "3.0.3",
        "lodash.keysin": "3.0.8"
      }
    },
    "lodash.assign": {
      "version": "3.2.0",
      "resolved": "https://registry.npmjs.org/lodash.assign/-/lodash.assign-3.2.0.tgz",
      "integrity": "sha1-POnwI0tLIiPilrj6CsH+6OvKZPo=",
      "requires": {
        "lodash._baseassign": "3.2.0",
        "lodash._createassigner": "3.1.1",
        "lodash.keys": "3.1.2"
      }
    },
    "lodash.identity": {
      "version": "3.0.0",
      "resolved": "https://registry.npmjs.org/lodash.identity/-/lodash.identity-3.0.0.tgz",
      "integrity": "sha1-rXvGpOZH15yXLhuA/u968VYmeHY="
    },
    "lodash.isarguments": {
      "version": "3.1.0",
      "resolved": "https://registry.npmjs.org/lodash.isarguments/-/lodash.isarguments-3.1.0.tgz",
      "integrity": "sha1-L1c9hcaiQon/AGY7SRwdM4/zRYo="
    },
    "lodash.isarray": {
      "version": "3.0.4",
      "resolved": "https://registry.npmjs.org/lodash.isarray/-/lodash.isarray-3.0.4.tgz",
      "integrity": "sha1-eeTriMNqgSKvhvhEqpvNhRtfu1U="
    },
    "lodash.isfunction": {
      "version": "3.0.9",
      "resolved": "https://registry.npmjs.org/lodash.isfunction/-/lodash.isfunction-3.0.9.tgz",
      "integrity": "sha512-AirXNj15uRIMMPihnkInB4i3NHeb4iBtNg9WRWuK2o31S+ePwwNmDPaTL3o7dTJ+VXNZim7rFs4rxN4YU1oUJw=="
    },
    "lodash.isstring": {
      "version": "3.0.1",
      "resolved": "https://registry.npmjs.org/lodash.isstring/-/lodash.isstring-3.0.1.tgz",
      "integrity": "sha1-QWOJROoELvZ61nwpOqVB0/PW5Tw="
    },
    "lodash.keys": {
      "version": "3.1.2",
      "resolved": "https://registry.npmjs.org/lodash.keys/-/lodash.keys-3.1.2.tgz",
      "integrity": "sha1-TbwEcrFWvlCgsoaFXRvQsMZWCYo=",
      "requires": {
        "lodash._getnative": "3.9.1",
        "lodash.isarguments": "3.1.0",
        "lodash.isarray": "3.0.4"
      }
    },
    "lodash.keysin": {
      "version": "3.0.8",
      "resolved": "https://registry.npmjs.org/lodash.keysin/-/lodash.keysin-3.0.8.tgz",
      "integrity": "sha1-IsRJPrvtsUJ5YqVLRFssinZ/tH8=",
      "requires": {
        "lodash.isarguments": "3.1.0",
        "lodash.isarray": "3.0.4"
      }
    },
    "lodash.pick": {
      "version": "3.1.0",
      "resolved": "https://registry.npmjs.org/lodash.pick/-/lodash.pick-3.1.0.tgz",
      "integrity": "sha1-8lKoVbIEa2G805BLJvdr0u/GVVA=",
      "requires": {
        "lodash._baseflatten": "3.1.4",
        "lodash._bindcallback": "3.0.1",
        "lodash._pickbyarray": "3.0.2",
        "lodash._pickbycallback": "3.0.0",
        "lodash.restparam": "3.6.1"
      }
    },
    "lodash.restparam": {
      "version": "3.6.1",
      "resolved": "https://registry.npmjs.org/lodash.restparam/-/lodash.restparam-3.6.1.tgz",
      "integrity": "sha1-k2pOMJ7zMKdkXtQUWYbIWuWyCAU="
    },
    "mime": {
      "version": "1.6.0",
      "resolved": "https://registry.npmjs.org/mime/-/mime-1.6.0.tgz",
      "integrity": "sha512-x0Vn8spI+wuJ1O6S7gnbaQg8Pxh4NNHb7KSINmEWKiPE4RKOplvijn+NkmYmmRgP68mc70j2EbeTFRsrswaQeg=="
    },
    "minimist": {
      "version": "0.0.8",
      "resolved": "https://registry.npmjs.org/minimist/-/minimist-0.0.8.tgz",
      "integrity": "sha1-hX/Kv8M5fSYluCKCYuhqp6ARsF0="
    },
    "mkdirp": {
      "version": "0.5.1",
      "resolved": "https://registry.npmjs.org/mkdirp/-/mkdirp-0.5.1.tgz",
      "integrity": "sha1-MAV0OOrGz3+MR2fzhkjWaX11yQM=",
      "requires": {
        "minimist": "0.0.8"
      }
    },
    "ms": {
      "version": "2.0.0",
      "resolved": "https://registry.npmjs.org/ms/-/ms-2.0.0.tgz",
      "integrity": "sha1-VgiurfwAvmwpAd9fmGF4jeDVl8g="
    },
    "ncp": {
      "version": "0.4.2",
      "resolved": "https://registry.npmjs.org/ncp/-/ncp-0.4.2.tgz",
      "integrity": "sha1-q8xsvT7C7Spyn/bnwfqPAXhKhXQ="
    },
    "optimist": {
      "version": "0.3.7",
      "resolved": "https://registry.npmjs.org/optimist/-/optimist-0.3.7.tgz",
      "integrity": "sha1-yQlBrVnkJzMokjB00s8ufLxuwNk=",
      "requires": {
        "wordwrap": "0.0.3"
      }
    },
    "path-is-absolute": {
      "version": "1.0.1",
      "resolved": "https://registry.npmjs.org/path-is-absolute/-/path-is-absolute-1.0.1.tgz",
      "integrity": "sha1-F0uSaHNVNP+8es5r9TpanhtcX18="
    },
    "postcss": {
      "version": "4.1.16",
      "resolved": "https://registry.npmjs.org/postcss/-/postcss-4.1.16.tgz",
      "integrity": "sha1-TESbTIr53zyvbTf44eV10DYXWNw=",
      "requires": {
        "es6-promise": "2.3.0",
        "js-base64": "2.1.9",
        "source-map": "0.4.4"
      },
      "dependencies": {
        "js-base64": {
          "version": "2.1.9",
          "resolved": "https://registry.npmjs.org/js-base64/-/js-base64-2.1.9.tgz",
          "integrity": "sha1-8OgK4DmkvWVLXygfyT8EqRSn/M4="
        },
        "source-map": {
          "version": "0.4.4",
          "resolved": "https://registry.npmjs.org/source-map/-/source-map-0.4.4.tgz",
          "integrity": "sha1-66T12pwNyZneaAMti092FzZSA2s=",
          "requires": {
            "amdefine": "1.0.1"
          }
        }
      }
    },
    "postcss-url": {
      "version": "4.0.1",
      "resolved": "https://registry.npmjs.org/postcss-url/-/postcss-url-4.0.1.tgz",
      "integrity": "sha1-URRBXeWAi53fuoQ5in4kZHhceBE=",
      "requires": {
        "directory-encoder": "0.6.1",
        "js-base64": "2.4.5",
        "mime": "1.6.0",
        "mkdirp": "0.5.1",
        "path-is-absolute": "1.0.1",
        "postcss": "4.1.16",
        "reduce-function-call": "1.0.2"
      }
    },
    "reduce-function-call": {
      "version": "1.0.2",
      "resolved": "https://registry.npmjs.org/reduce-function-call/-/reduce-function-call-1.0.2.tgz",
      "integrity": "sha1-WiAL+S4ON3UXUv5FsKszD9S2vpk=",
      "requires": {
        "balanced-match": "0.4.2"
      }
    },
    "rimraf": {
      "version": "2.2.8",
      "resolved": "https://registry.npmjs.org/rimraf/-/rimraf-2.2.8.tgz",
      "integrity": "sha1-5Dm+Kq7jJzIZUnMPmaiSnk/FBYI="
    },
    "source-map": {
      "version": "0.1.43",
      "resolved": "https://registry.npmjs.org/source-map/-/source-map-0.1.43.tgz",
      "integrity": "sha1-wkvBRspRfBRx9drL4lcbK3+eM0Y=",
      "optional": true,
      "requires": {
        "amdefine": "1.0.1"
      }
    },
    "uglify-js": {
      "version": "2.3.6",
      "resolved": "https://registry.npmjs.org/uglify-js/-/uglify-js-2.3.6.tgz",
      "integrity": "sha1-+gmEdwtCi3qbKoBY9GNV0U/vIRo=",
      "optional": true,
      "requires": {
        "async": "0.2.10",
        "optimist": "0.3.7",
        "source-map": "0.1.43"
      }
    },
    "wordwrap": {
      "version": "0.0.3",
      "resolved": "https://registry.npmjs.org/wordwrap/-/wordwrap-0.0.3.tgz",
      "integrity": "sha1-o9XabNXAvAAI03I0u68b7WMFkQc="
    },
    "xmldom": {
      "version": "0.1.16",
      "resolved": "https://registry.npmjs.org/xmldom/-/xmldom-0.1.16.tgz",
      "integrity": "sha1-zyYCgysatcPmgT/KCP5wGWuhXow="
    }
  }
}
