# THIS IS AN AUTOGENERATED FILE. DO NOT EDIT THIS FILE DIRECTLY.
# yarn lockfile v1


amdefine@>=0.0.4:
  version "1.0.1"
  resolved "https://registry.yarnpkg.com/amdefine/-/amdefine-1.0.1.tgz#4a5282ac164729e93619bcfd3ad151f817ce91f5"

async@~0.2.6:
  version "0.2.10"
  resolved "https://registry.yarnpkg.com/async/-/async-0.2.10.tgz#b6bbe0b0674b9d719708ca38de8c237cb526c3d1"

balanced-match@^0.4.2:
  version "0.4.2"
  resolved "https://registry.yarnpkg.com/balanced-match/-/balanced-match-0.4.2.tgz#cb3f3e3c732dc0f01ee70b403f302e61d7709838"

bel@^4.0.0:
  version "4.6.0"
  resolved "https://registry.yarnpkg.com/bel/-/bel-4.6.0.tgz#3ade16e236ab2204d8d1c66eac4bd573793ac999"
  dependencies:
    global "^4.3.0"
    hyperx "^2.3.0"
    on-load "^3.2.0"

css-modules-electron@^2.0.0:
  version "2.0.0"
  resolved "https://registry.yarnpkg.com/css-modules-electron/-/css-modules-electron-2.0.0.tgz#eb0d20363434b8ff223e37d7e002e772349c9bce"
  dependencies:
    css-modules-require-hook "^1.0.10"
    postcss-url "^4.0.1"

css-modules-require-hook@^1.0.10:
  version "1.0.11"
  resolved "https://registry.yarnpkg.com/css-modules-require-hook/-/css-modules-require-hook-1.0.11.tgz#e3e32d406a2635e148bf03695259e202451b41ae"
  dependencies:
    debug "^2.2.0"
    lodash.assign "^3.2.0"
    lodash.identity "^3.0.0"
    lodash.isarray "^3.0.4"
    lodash.isfunction "^3.0.6"
    lodash.isstring "^3.0.1"
    lodash.pick "^3.1.0"

css-selector-tokenizer@^0.5.0, css-selector-tokenizer@^0.5.1:
  version "0.5.4"
  resolved "https://registry.yarnpkg.com/css-selector-tokenizer/-/css-selector-tokenizer-0.5.4.tgz#139bafd34a35fd0c1428487049e0699e6f6a2c21"
  dependencies:
    cssesc "^0.1.0"
    fastparse "^1.1.1"

cssesc@^0.1.0:
  version "0.1.0"
  resolved "https://registry.yarnpkg.com/cssesc/-/cssesc-0.1.0.tgz#c814903e45623371a0477b40109aaafbeeaddbb4"

debug@^2.2.0:
  version "2.6.9"
  resolved "https://registry.yarnpkg.com/debug/-/debug-2.6.9.tgz#5d128515df134ff327e90a4c93f4e077a536341f"
  dependencies:
    ms "2.0.0"

directory-encoder@^0.6.1:
  version "0.6.1"
  resolved "https://registry.yarnpkg.com/directory-encoder/-/directory-encoder-0.6.1.tgz#ac11c5179253796300e6c9d95f8f0d1bcf54190f"
  dependencies:
    fs-extra "0.8.1"
    handlebars "1.1.2"
    img-stats "0.4.2"
    lodash "2.4.0"

dom-walk@^0.1.0:
  version "0.1.1"
  resolved "https://registry.yarnpkg.com/dom-walk/-/dom-walk-0.1.1.tgz#672226dc74c8f799ad35307df936aba11acd6018"

es6-promise@~2.3.0:
  version "2.3.0"
  resolved "https://registry.yarnpkg.com/es6-promise/-/es6-promise-2.3.0.tgz#96edb9f2fdb01995822b263dd8aadab6748181bc"

fastparse@^1.1.1:
  version "1.1.1"
  resolved "https://registry.yarnpkg.com/fastparse/-/fastparse-1.1.1.tgz#d1e2643b38a94d7583b479060e6c4affc94071f8"

fs-extra@0.8.1:
  version "0.8.1"
  resolved "https://registry.yarnpkg.com/fs-extra/-/fs-extra-0.8.1.tgz#0e5779ffbfedf511bc755595c7f03c06d4b43e8d"
  dependencies:
    jsonfile "~1.1.0"
    mkdirp "0.3.x"
    ncp "~0.4.2"
    rimraf "~2.2.0"

global@^4.3.0, global@^4.3.2:
  version "4.3.2"
  resolved "https://registry.yarnpkg.com/global/-/global-4.3.2.tgz#e76989268a6c74c38908b1305b10fc0e394e9d0f"
  dependencies:
    min-document "^2.19.0"
    process "~0.5.1"

handlebars@1.1.2:
  version "1.1.2"
  resolved "https://registry.yarnpkg.com/handlebars/-/handlebars-1.1.2.tgz#5360ecb5a487fce01145eb225ccaf3b29db3f43e"
  dependencies:
    optimist "~0.3"
  optionalDependencies:
    uglify-js "~2.3"

hyperscript-attribute-to-property@^1.0.0:
  version "1.0.0"
  resolved "https://registry.yarnpkg.com/hyperscript-attribute-to-property/-/hyperscript-attribute-to-property-1.0.0.tgz#825308d49bb8e2957923f731981bcc811cad7aff"

hyperx@^2.3.0:
  version "2.4.0"
  resolved "https://registry.yarnpkg.com/hyperx/-/hyperx-2.4.0.tgz#397d6815d25785fee3c9f4968cbaafc1d8b36d39"
  dependencies:
    hyperscript-attribute-to-property "^1.0.0"

img-stats@0.4.2:
  version "0.4.2"
  resolved "https://registry.yarnpkg.com/img-stats/-/img-stats-0.4.2.tgz#0e19ce4e55e5949185e023f057c28ab5a8e32277"
  dependencies:
    xmldom "0.1.16"

js-base64@^2.1.5:
  version "2.4.5"
  resolved "https://registry.yarnpkg.com/js-base64/-/js-base64-2.4.5.tgz#e293cd3c7c82f070d700fc7a1ca0a2e69f101f92"

js-base64@~2.1.8:
  version "2.1.9"
  resolved "https://registry.yarnpkg.com/js-base64/-/js-base64-2.1.9.tgz#f0e80ae039a4bd654b5f281fc93f04a914a7fcce"

jsonfile@~1.1.0:
  version "1.1.1"
  resolved "https://registry.yarnpkg.com/jsonfile/-/jsonfile-1.1.1.tgz#da4fd6ad77f1a255203ea63c7bc32dc31ef64433"

lodash._baseassign@^3.0.0:
  version "3.2.0"
  resolved "https://registry.yarnpkg.com/lodash._baseassign/-/lodash._baseassign-3.2.0.tgz#8c38a099500f215ad09e59f1722fd0c52bfe0a4e"
  dependencies:
    lodash._basecopy "^3.0.0"
    lodash.keys "^3.0.0"

lodash._basecopy@^3.0.0:
  version "3.0.1"
  resolved "https://registry.yarnpkg.com/lodash._basecopy/-/lodash._basecopy-3.0.1.tgz#8da0e6a876cf344c0ad8a54882111dd3c5c7ca36"

lodash._baseflatten@^3.0.0:
  version "3.1.4"
  resolved "https://registry.yarnpkg.com/lodash._baseflatten/-/lodash._baseflatten-3.1.4.tgz#0770ff80131af6e34f3b511796a7ba5214e65ff7"
  dependencies:
    lodash.isarguments "^3.0.0"
    lodash.isarray "^3.0.0"

lodash._basefor@^3.0.0:
  version "3.0.3"
  resolved "https://registry.yarnpkg.com/lodash._basefor/-/lodash._basefor-3.0.3.tgz#7550b4e9218ef09fad24343b612021c79b4c20c2"

lodash._bindcallback@^3.0.0:
  version "3.0.1"
  resolved "https://registry.yarnpkg.com/lodash._bindcallback/-/lodash._bindcallback-3.0.1.tgz#e531c27644cf8b57a99e17ed95b35c748789392e"

lodash._createassigner@^3.0.0:
  version "3.1.1"
  resolved "https://registry.yarnpkg.com/lodash._createassigner/-/lodash._createassigner-3.1.1.tgz#838a5bae2fdaca63ac22dee8e19fa4e6d6970b11"
  dependencies:
    lodash._bindcallback "^3.0.0"
    lodash._isiterateecall "^3.0.0"
    lodash.restparam "^3.0.0"

lodash._getnative@^3.0.0:
  version "3.9.1"
  resolved "https://registry.yarnpkg.com/lodash._getnative/-/lodash._getnative-3.9.1.tgz#570bc7dede46d61cdcde687d65d3eecbaa3aaff5"

lodash._isiterateecall@^3.0.0:
  version "3.0.9"
  resolved "https://registry.yarnpkg.com/lodash._isiterateecall/-/lodash._isiterateecall-3.0.9.tgz#5203ad7ba425fae842460e696db9cf3e6aac057c"

lodash._pickbyarray@^3.0.0:
  version "3.0.2"
  resolved "https://registry.yarnpkg.com/lodash._pickbyarray/-/lodash._pickbyarray-3.0.2.tgz#1f898d9607eb560b0e167384b77c7c6d108aa4c5"

lodash._pickbycallback@^3.0.0:
  version "3.0.0"
  resolved "https://registry.yarnpkg.com/lodash._pickbycallback/-/lodash._pickbycallback-3.0.0.tgz#ff61b9a017a7b3af7d30e6c53de28afa19b8750a"
  dependencies:
    lodash._basefor "^3.0.0"
    lodash.keysin "^3.0.0"

lodash.assign@^3.2.0:
  version "3.2.0"
  resolved "https://registry.yarnpkg.com/lodash.assign/-/lodash.assign-3.2.0.tgz#3ce9f0234b4b2223e296b8fa0ac1fee8ebca64fa"
  dependencies:
    lodash._baseassign "^3.0.0"
    lodash._createassigner "^3.0.0"
    lodash.keys "^3.0.0"

lodash.identity@^3.0.0:
  version "3.0.0"
  resolved "https://registry.yarnpkg.com/lodash.identity/-/lodash.identity-3.0.0.tgz#ad7bc6a4e647d79c972e1b80feef7af156267876"

lodash.isarguments@^3.0.0:
  version "3.1.0"
  resolved "https://registry.yarnpkg.com/lodash.isarguments/-/lodash.isarguments-3.1.0.tgz#2f573d85c6a24289ff00663b491c1d338ff3458a"

lodash.isarray@^3.0.0, lodash.isarray@^3.0.4:
  version "3.0.4"
  resolved "https://registry.yarnpkg.com/lodash.isarray/-/lodash.isarray-3.0.4.tgz#79e4eb88c36a8122af86f844aa9bcd851b5fbb55"

lodash.isfunction@^3.0.6:
  version "3.0.9"
  resolved "https://registry.yarnpkg.com/lodash.isfunction/-/lodash.isfunction-3.0.9.tgz#06de25df4db327ac931981d1bdb067e5af68d051"

lodash.isstring@^3.0.1:
  version "3.0.1"
  resolved "https://registry.yarnpkg.com/lodash.isstring/-/lodash.isstring-3.0.1.tgz#41638944ea042ef67ad67c293aa541d3f3d6e53c"

lodash.keys@^3.0.0:
  version "3.1.2"
  resolved "https://registry.yarnpkg.com/lodash.keys/-/lodash.keys-3.1.2.tgz#4dbc0472b156be50a0b286855d1bd0b0c656098a"
  dependencies:
    lodash._getnative "^3.0.0"
    lodash.isarguments "^3.0.0"
    lodash.isarray "^3.0.0"

lodash.keysin@^3.0.0:
  version "3.0.8"
  resolved "https://registry.yarnpkg.com/lodash.keysin/-/lodash.keysin-3.0.8.tgz#22c4493ebbedb1427962a54b445b2c8a767fb47f"
  dependencies:
    lodash.isarguments "^3.0.0"
    lodash.isarray "^3.0.0"

lodash.pick@^3.1.0:
  version "3.1.0"
  resolved "https://registry.yarnpkg.com/lodash.pick/-/lodash.pick-3.1.0.tgz#f252a855b2046b61bcd3904b26f76bd2efc65550"
  dependencies:
    lodash._baseflatten "^3.0.0"
    lodash._bindcallback "^3.0.0"
    lodash._pickbyarray "^3.0.0"
    lodash._pickbycallback "^3.0.0"
    lodash.restparam "^3.0.0"

lodash.restparam@^3.0.0:
  version "3.6.1"
  resolved "https://registry.yarnpkg.com/lodash.restparam/-/lodash.restparam-3.6.1.tgz#936a4e309ef330a7645ed4145986c85ae5b20805"

lodash@2.4.0:
  version "2.4.0"
  resolved "https://registry.yarnpkg.com/lodash/-/lodash-2.4.0.tgz#55074982883381b6b7134b742a5900bbbdab6b09"

mime@^1.2.11:
  version "1.6.0"
  resolved "https://registry.yarnpkg.com/mime/-/mime-1.6.0.tgz#32cd9e5c64553bd58d19a568af452acff04981b1"

min-document@^2.19.0:
  version "2.19.0"
  resolved "https://registry.yarnpkg.com/min-document/-/min-document-2.19.0.tgz#7bd282e3f5842ed295bb748cdd9f1ffa2c824685"
  dependencies:
    dom-walk "^0.1.0"

minimist@0.0.8:
  version "0.0.8"
  resolved "https://registry.yarnpkg.com/minimist/-/minimist-0.0.8.tgz#857fcabfc3397d2625b8228262e86aa7a011b05d"

mkdirp@0.3.x:
  version "0.3.5"
  resolved "https://registry.yarnpkg.com/mkdirp/-/mkdirp-0.3.5.tgz#de3e5f8961c88c787ee1368df849ac4413eca8d7"

mkdirp@^0.5.0:
  version "0.5.1"
  resolved "https://registry.yarnpkg.com/mkdirp/-/mkdirp-0.5.1.tgz#30057438eac6cf7f8c4767f38648d6697d75c903"
  dependencies:
    minimist "0.0.8"

morphdom@^2.1.0:
  version "2.3.3"
  resolved "https://registry.yarnpkg.com/morphdom/-/morphdom-2.3.3.tgz#70b0aec3db0832688f7fcbde2a8921cf508c4f16"

ms@2.0.0:
  version "2.0.0"
  resolved "https://registry.yarnpkg.com/ms/-/ms-2.0.0.tgz#5608aeadfc00be6c2901df5f9861788de0d597c8"

nanoassert@^1.1.0:
  version "1.1.0"
  resolved "https://registry.yarnpkg.com/nanoassert/-/nanoassert-1.1.0.tgz#4f3152e09540fde28c76f44b19bbcd1d5a42478d"

ncp@~0.4.2:
  version "0.4.2"
  resolved "https://registry.yarnpkg.com/ncp/-/ncp-0.4.2.tgz#abcc6cbd3ec2ed2a729ff6e7c1fa8f01784a8574"

on-load@^3.2.0:
  version "3.4.0"
  resolved "https://registry.yarnpkg.com/on-load/-/on-load-3.4.0.tgz#13ebe3d13852df3d1b2e559bcece659164f40140"
  dependencies:
    global "^4.3.2"
    nanoassert "^1.1.0"

optimist@~0.3, optimist@~0.3.5:
  version "0.3.7"
  resolved "https://registry.yarnpkg.com/optimist/-/optimist-0.3.7.tgz#c90941ad59e4273328923074d2cf2e7cbc6ec0d9"
  dependencies:
    wordwrap "~0.0.2"

path-is-absolute@^1.0.0:
  version "1.0.1"
  resolved "https://registry.yarnpkg.com/path-is-absolute/-/path-is-absolute-1.0.1.tgz#174b9268735534ffbc7ace6bf53a5a9e1b5c5f5f"

postcss-modules-extract-imports@0.0.5:
  version "0.0.5"
  resolved "https://registry.yarnpkg.com/postcss-modules-extract-imports/-/postcss-modules-extract-imports-0.0.5.tgz#ccccb40b3dd2985999384a1dba60c62c960a6da0"
  dependencies:
    postcss "^4.1.11"

postcss-modules-local-by-default@0.0.12:
  version "0.0.12"
  resolved "https://registry.yarnpkg.com/postcss-modules-local-by-default/-/postcss-modules-local-by-default-0.0.12.tgz#a93431a4b1d0b7a4021e238fc27d5e8e449282c2"
  dependencies:
    css-selector-tokenizer "^0.5.1"
    postcss "^4.1.5"

postcss-modules-scope@0.0.8:
  version "0.0.8"
  resolved "https://registry.yarnpkg.com/postcss-modules-scope/-/postcss-modules-scope-0.0.8.tgz#81c935fbf289272388c8ba2e96a11ca21ba09a04"
  dependencies:
    css-selector-tokenizer "^0.5.0"
    postcss "^4.1.11"

postcss-url@^4.0.1:
  version "4.0.1"
  resolved "https://registry.yarnpkg.com/postcss-url/-/postcss-url-4.0.1.tgz#5114415de5808b9ddfba84398a7e2464785c7811"
  dependencies:
    directory-encoder "^0.6.1"
    js-base64 "^2.1.5"
    mime "^1.2.11"
    mkdirp "^0.5.0"
    path-is-absolute "^1.0.0"
    postcss "^4.1.11"
    reduce-function-call "^1.0.1"

postcss@4.1.16, postcss@^4.1.11, postcss@^4.1.5:
  version "4.1.16"
  resolved "https://registry.yarnpkg.com/postcss/-/postcss-4.1.16.tgz#4c449b4c8af9df3caf6d37f8e1e575d0361758dc"
  dependencies:
    es6-promise "~2.3.0"
    js-base64 "~2.1.8"
    source-map "~0.4.2"

process@~0.5.1:
  version "0.5.2"
  resolved "https://registry.yarnpkg.com/process/-/process-0.5.2.tgz#1638d8a8e34c2f440a91db95ab9aeb677fc185cf"

reduce-function-call@^1.0.1:
  version "1.0.2"
  resolved "https://registry.yarnpkg.com/reduce-function-call/-/reduce-function-call-1.0.2.tgz#5a200bf92e0e37751752fe45b0ab330fd4b6be99"
  dependencies:
    balanced-match "^0.4.2"

rimraf@~2.2.0:
  version "2.2.8"
  resolved "https://registry.yarnpkg.com/rimraf/-/rimraf-2.2.8.tgz#e439be2aaee327321952730f99a8929e4fc50582"

source-map@~0.1.7:
  version "0.1.43"
  resolved "https://registry.yarnpkg.com/source-map/-/source-map-0.1.43.tgz#c24bc146ca517c1471f5dacbe2571b2b7f9e3346"
  dependencies:
    amdefine ">=0.0.4"

source-map@~0.4.2:
  version "0.4.4"
  resolved "https://registry.yarnpkg.com/source-map/-/source-map-0.4.4.tgz#eba4f5da9c0dc999de68032d8b4f76173652036b"
  dependencies:
    amdefine ">=0.0.4"

uglify-js@~2.3:
  version "2.3.6"
  resolved "https://registry.yarnpkg.com/uglify-js/-/uglify-js-2.3.6.tgz#fa0984770b428b7a9b2a8058f46355d14fef211a"
  dependencies:
    async "~0.2.6"
    optimist "~0.3.5"
    source-map "~0.1.7"

wordwrap@~0.0.2:
  version "0.0.3"
  resolved "https://registry.yarnpkg.com/wordwrap/-/wordwrap-0.0.3.tgz#a3d5da6cd5c0bc0008d37234bbaf1bed63059107"

xmldom@0.1.16:
  version "0.1.16"
  resolved "https://registry.yarnpkg.com/xmldom/-/xmldom-0.1.16.tgz#cf2602832b1ab5c3e6813fca08fe70196ba15e8c"

yo-yo@^1.4.1:
  version "1.4.1"
  resolved "https://registry.yarnpkg.com/yo-yo/-/yo-yo-1.4.1.tgz#9ce4b00fd880e5533b5e7f46a93d68d914ad6f64"
  dependencies:
    bel "^4.0.0"
    morphdom "^2.1.0"
